
Microsoft Visual Studio Solution File, Format Version 12.00
# Visual Studio Version 17
VisualStudioVersion = 17.8.34330.188
MinimumVisualStudioVersion = 10.0.40219.1
Project("{FAE04EC0-301F-11D3-BF4B-00C04F79EFBC}") = "DataAccess", "DataAccess\DataAccess.csproj", "{DE73447D-35B8-4B3F-A480-F4C36D1F27C7}"
EndProject
Project("{2150E333-8FDC-42A3-9474-1A3956D46DE8}") = "Data Layer", "Data Layer", "{13658378-5ECA-46FC-BB82-09AA8326AB8C}"
EndProject
Project("{2150E333-8FDC-42A3-9474-1A3956D46DE8}") = "Presentation Layer", "Presentation Layer", "{555D40DA-81B8-4B76-AAC8-BFCB3BA52351}"
EndProject
Project("{2150E333-8FDC-42A3-9474-1A3956D46DE8}") = "Bussiness Layer", "Bussiness Layer", "{5847661B-0FDD-49EF-AA0C-155D4E592E74}"
EndProject
Project("{FAE04EC0-301F-11D3-BF4B-00C04F79EFBC}") = "BussinessObject", "BussinessObject\BussinessObject.csproj", "{3C01754D-F113-48F8-8DC0-383DD23DD11A}"
EndProject
Project("{FAE04EC0-301F-11D3-BF4B-00C04F79EFBC}") = "MyStoreWinApp", "MyStoreWinApp\MyStoreWinApp.csproj", "{BD1C874D-4091-4837-98A6-777B46B00D86}"
EndProject
Global
	GlobalSection(SolutionConfigurationPlatforms) = preSolution
		Debug|Any CPU = Debug|Any CPU
		Release|Any CPU = Release|Any CPU
	EndGlobalSection
	GlobalSection(ProjectConfigurationPlatforms) = postSolution
		{DE73447D-35B8-4B3F-A480-F4C36D1F27C7}.Debug|Any CPU.ActiveCfg = Debug|Any CPU
		{DE73447D-35B8-4B3F-A480-F4C36D1F27C7}.Debug|Any CPU.Build.0 = Debug|Any CPU
		{DE73447D-35B8-4B3F-A480-F4C36D1F27C7}.Release|Any CPU.ActiveCfg = Release|Any CPU
		{DE73447D-35B8-4B3F-A480-F4C36D1F27C7}.Release|Any CPU.Build.0 = Release|Any CPU
		{3C01754D-F113-48F8-8DC0-383DD23DD11A}.Debug|Any CPU.ActiveCfg = Debug|Any CPU
		{3C01754D-F113-48F8-8DC0-383DD23DD11A}.Debug|Any CPU.Build.0 = Debug|Any CPU
		{3C01754D-F113-48F8-8DC0-383DD23DD11A}.Release|Any CPU.ActiveCfg = Release|Any CPU
		{3C01754D-F113-48F8-8DC0-383DD23DD11A}.Release|Any CPU.Build.0 = Release|Any CPU
		{BD1C874D-4091-4837-98A6-777B46B00D86}.Debug|Any CPU.ActiveCfg = Debug|Any CPU
		{BD1C874D-4091-4837-98A6-777B46B00D86}.Debug|Any CPU.Build.0 = Debug|Any CPU
		{BD1C874D-4091-4837-98A6-777B46B00D86}.Release|Any CPU.ActiveCfg = Release|Any CPU
		{BD1C874D-4091-4837-98A6-777B46B00D86}.Release|Any CPU.Build.0 = Release|Any CPU
	EndGlobalSection
	GlobalSection(SolutionProperties) = preSolution
		HideSolutionNode = FALSE
	EndGlobalSection
	GlobalSection(NestedProjects) = preSolution
		{DE73447D-35B8-4B3F-A480-F4C36D1F27C7} = {13658378-5ECA-46FC-BB82-09AA8326AB8C}
		{3C01754D-F113-48F8-8DC0-383DD23DD11A} = {5847661B-0FDD-49EF-AA0C-155D4E592E74}
		{BD1C874D-4091-4837-98A6-777B46B00D86} = {555D40DA-81B8-4B76-AAC8-BFCB3BA52351}
	EndGlobalSection
	GlobalSection(ExtensibilityGlobals) = postSolution
		SolutionGuid = {968E957D-63B0-469A-B48D-20C295AFD843}
	EndGlobalSection
EndGlobal
